
Microsoft Visual Studio Solution File, Format Version 12.00
# Visual Studio Version 16
VisualStudioVersion = 16.0.29215.179
MinimumVisualStudioVersion = 10.0.40219.1
Project("{FAE04EC0-301F-11D3-BF4B-00C04F79EFBC}") = "Pizza Parlour", "Pizza Parlour\Pizza Parlour.csproj", "{5D5DB4E7-5172-447F-AD56-1093EF27834E}"
EndProject
Global
	GlobalSection(SolutionConfigurationPlatforms) = preSolution
		Debug|Any CPU = Debug|Any CPU
		Release|Any CPU = Release|Any CPU
	EndGlobalSection
	GlobalSection(ProjectConfigurationPlatforms) = postSolution
		{5D5DB4E7-5172-447F-AD56-1093EF27834E}.Debug|Any CPU.ActiveCfg = Debug|Any CPU
		{5D5DB4E7-5172-447F-AD56-1093EF27834E}.Debug|Any CPU.Build.0 = Debug|Any CPU
		{5D5DB4E7-5172-447F-AD56-1093EF27834E}.Release|Any CPU.ActiveCfg = Release|Any CPU
		{5D5DB4E7-5172-447F-AD56-1093EF27834E}.Release|Any CPU.Build.0 = Release|Any CPU
	EndGlobalSection
	GlobalSection(SolutionProperties) = preSolution
		HideSolutionNode = FALSE
	EndGlobalSection
	GlobalSection(ExtensibilityGlobals) = postSolution
		SolutionGuid = {DCE37B54-E296-4799-A319-018E697A6DEF}
	EndGlobalSection
EndGlobal
